
Microsoft Visual Studio Solution File, Format Version 12.00
# Visual Studio 14
VisualStudioVersion = 14.0.25420.1
MinimumVisualStudioVersion = 10.0.40219.1
Project("{FAE04EC0-301F-11D3-BF4B-00C04F79EFBC}") = "MyFirstBank", "MyFirstBank\MyFirstBank.csproj", "{AC9123D7-2A0F-4A26-9583-494E16C7B16C}"
EndProject
Project("{FAE04EC0-301F-11D3-BF4B-00C04F79EFBC}") = "MyFirstBankUI", "WebApplication1\MyFirstBankUI.csproj", "{FBE86D84-E18D-4323-B41E-DCA15189B280}"
EndProject
Global
	GlobalSection(SolutionConfigurationPlatforms) = preSolution
		Debug|Any CPU = Debug|Any CPU
		Release|Any CPU = Release|Any CPU
	EndGlobalSection
	GlobalSection(ProjectConfigurationPlatforms) = postSolution
		{AC9123D7-2A0F-4A26-9583-494E16C7B16C}.Debug|Any CPU.ActiveCfg = Debug|Any CPU
		{AC9123D7-2A0F-4A26-9583-494E16C7B16C}.Debug|Any CPU.Build.0 = Debug|Any CPU
		{AC9123D7-2A0F-4A26-9583-494E16C7B16C}.Release|Any CPU.ActiveCfg = Release|Any CPU
		{AC9123D7-2A0F-4A26-9583-494E16C7B16C}.Release|Any CPU.Build.0 = Release|Any CPU
		{FBE86D84-E18D-4323-B41E-DCA15189B280}.Debug|Any CPU.ActiveCfg = Debug|Any CPU
		{FBE86D84-E18D-4323-B41E-DCA15189B280}.Debug|Any CPU.Build.0 = Debug|Any CPU
		{FBE86D84-E18D-4323-B41E-DCA15189B280}.Release|Any CPU.ActiveCfg = Release|Any CPU
		{FBE86D84-E18D-4323-B41E-DCA15189B280}.Release|Any CPU.Build.0 = Release|Any CPU
	EndGlobalSection
	GlobalSection(SolutionProperties) = preSolution
		HideSolutionNode = FALSE
	EndGlobalSection
EndGlobal
